
Microsoft Visual Studio Solution File, Format Version 12.00
# Visual Studio Version 17
VisualStudioVersion = 17.8.34525.116
MinimumVisualStudioVersion = 10.0.40219.1
Project("{FAE04EC0-301F-11D3-BF4B-00C04F79EFBC}") = "ISM6225_Spring2024_Assignment_2", "ISM6225_Spring2024_Assignment_2.csproj", "{37F4F432-DF26-443D-8693-0E11C3FD408C}"
EndProject
Global
	GlobalSection(SolutionConfigurationPlatforms) = preSolution
		Debug|Any CPU = Debug|Any CPU
		Release|Any CPU = Release|Any CPU
	EndGlobalSection
	GlobalSection(ProjectConfigurationPlatforms) = postSolution
		{37F4F432-DF26-443D-8693-0E11C3FD408C}.Debug|Any CPU.ActiveCfg = Debug|Any CPU
		{37F4F432-DF26-443D-8693-0E11C3FD408C}.Debug|Any CPU.Build.0 = Debug|Any CPU
		{37F4F432-DF26-443D-8693-0E11C3FD408C}.Release|Any CPU.ActiveCfg = Release|Any CPU
		{37F4F432-DF26-443D-8693-0E11C3FD408C}.Release|Any CPU.Build.0 = Release|Any CPU
	EndGlobalSection
	GlobalSection(SolutionProperties) = preSolution
		HideSolutionNode = FALSE
	EndGlobalSection
	GlobalSection(ExtensibilityGlobals) = postSolution
		SolutionGuid = {8D03AA86-E430-4C47-A6E5-8AB35D2E039F}
	EndGlobalSection
EndGlobal
